
Microsoft Visual Studio Solution File, Format Version 12.00
# Visual Studio 15
Project("{FAE04EC0-301F-11D3-BF4B-00C04F79EFBC}") = "Unity.Timeline", "Unity.Timeline.csproj", "{43DB4D75-55DD-CC07-FBBF-1882C8740BED}"
EndProject
Project("{FAE04EC0-301F-11D3-BF4B-00C04F79EFBC}") = "GameCreator.Runtime.Core", "GameCreator.Runtime.Core.csproj", "{344F4661-4C31-B3BD-C94D-0CC1D997EB68}"
EndProject
Project("{FAE04EC0-301F-11D3-BF4B-00C04F79EFBC}") = "Nova", "Nova.csproj", "{3AD0E52F-5E12-84C0-9E7C-210B7DD55237}"
EndProject
Project("{FAE04EC0-301F-11D3-BF4B-00C04F79EFBC}") = "FishNet.Runtime", "FishNet.Runtime.csproj", "{9574EEA2-980D-260B-DB94-DB03B10AA530}"
EndProject
Project("{FAE04EC0-301F-11D3-BF4B-00C04F79EFBC}") = "Unity.VisualScripting.Flow", "Unity.VisualScripting.Flow.csproj", "{DB874FC0-CD50-D925-02CB-832B50127F41}"
EndProject
Project("{FAE04EC0-301F-11D3-BF4B-00C04F79EFBC}") = "UnityEditor.UI", "UnityEditor.UI.csproj", "{4B548E2B-7FD7-C0C2-7EAF-174C77E76A02}"
EndProject
Project("{FAE04EC0-301F-11D3-BF4B-00C04F79EFBC}") = "ReactUnity", "ReactUnity.csproj", "{A4D9B1F6-8EC0-37E7-9565-0F4FB0B13296}"
EndProject
Project("{FAE04EC0-301F-11D3-BF4B-00C04F79EFBC}") = "Unity.Timeline.Editor", "Unity.Timeline.Editor.csproj", "{E0899EAC-4373-95F6-B58D-5AAB354D77E5}"
EndProject
Project("{FAE04EC0-301F-11D3-BF4B-00C04F79EFBC}") = "jsb.editor.unity", "jsb.editor.unity.csproj", "{1CC69226-7CD8-926F-E8A8-85720450E730}"
EndProject
Project("{FAE04EC0-301F-11D3-BF4B-00C04F79EFBC}") = "Unity.Mathematics", "Unity.Mathematics.csproj", "{22CA8DD4-69D3-6A06-1D18-A3FED79B70A2}"
EndProject
Project("{FAE04EC0-301F-11D3-BF4B-00C04F79EFBC}") = "GameCreator.Editor.Core", "GameCreator.Editor.Core.csproj", "{DEED3197-69C0-3198-AC16-6123BF4C7FF2}"
EndProject
Project("{FAE04EC0-301F-11D3-BF4B-00C04F79EFBC}") = "ReactUnity.UGUI", "ReactUnity.UGUI.csproj", "{8D3F2DD2-D9AA-CCB6-784A-B82EB22FD8C9}"
EndProject
Project("{FAE04EC0-301F-11D3-BF4B-00C04F79EFBC}") = "Unity.VisualScripting.Core.Editor", "Unity.VisualScripting.Core.Editor.csproj", "{63A8B161-CD28-099C-FD73-B49F0D6A9E10}"
EndProject
Project("{FAE04EC0-301F-11D3-BF4B-00C04F79EFBC}") = "Unity.Collections", "Unity.Collections.csproj", "{B851564D-5F4A-5D05-B07C-D118B4C5F8C3}"
EndProject
Project("{FAE04EC0-301F-11D3-BF4B-00C04F79EFBC}") = "UnityEditor.TestRunner", "UnityEditor.TestRunner.csproj", "{7BD605F2-260E-BBCC-BA55-54E6DCBBA953}"
EndProject
Project("{FAE04EC0-301F-11D3-BF4B-00C04F79EFBC}") = "Unity.InputSystem", "Unity.InputSystem.csproj", "{FA218CC3-52FD-8B2F-EFEF-1D85596CCD3D}"
EndProject
Project("{FAE04EC0-301F-11D3-BF4B-00C04F79EFBC}") = "FishNet.Codegen.Cecil", "FishNet.Codegen.Cecil.csproj", "{249C83C7-1624-E85F-2B1E-4921162E9A1B}"
EndProject
Project("{FAE04EC0-301F-11D3-BF4B-00C04F79EFBC}") = "UMA_Core_Editor", "UMA_Core_Editor.csproj", "{C3EC18DB-6E7A-7169-5D47-F02E339F8074}"
EndProject
Project("{FAE04EC0-301F-11D3-BF4B-00C04F79EFBC}") = "Unity.TextMeshPro.Editor", "Unity.TextMeshPro.Editor.csproj", "{65CE45E0-7287-9ACB-9793-9BAD8C5F97E7}"
EndProject
Project("{FAE04EC0-301F-11D3-BF4B-00C04F79EFBC}") = "Unity.VisualScripting.Flow.Editor", "Unity.VisualScripting.Flow.Editor.csproj", "{8D4013CC-51D6-EDF8-11B9-44E3228C0632}"
EndProject
Project("{FAE04EC0-301F-11D3-BF4B-00C04F79EFBC}") = "UnityEngine.TestRunner", "UnityEngine.TestRunner.csproj", "{12C591CF-477A-2F56-4CF0-1992827F79A6}"
EndProject
Project("{FAE04EC0-301F-11D3-BF4B-00C04F79EFBC}") = "Unity.VisualScripting.Core", "Unity.VisualScripting.Core.csproj", "{9B3386AA-D2C5-AAE3-F981-A6EFCD811479}"
EndProject
Project("{FAE04EC0-301F-11D3-BF4B-00C04F79EFBC}") = "Nova.Editor", "Nova.Editor.csproj", "{B42A6E8A-FE14-0FB8-ECB2-417201B0ED85}"
EndProject
Project("{FAE04EC0-301F-11D3-BF4B-00C04F79EFBC}") = "jsb.editor.binding", "jsb.editor.binding.csproj", "{33CB7998-CBF2-8588-0338-D88C0B4BD26A}"
EndProject
Project("{FAE04EC0-301F-11D3-BF4B-00C04F79EFBC}") = "Assembly-CSharp", "Assembly-CSharp.csproj", "{EF864A9E-4EAA-94B1-0878-189A65BCF0C3}"
EndProject
Project("{FAE04EC0-301F-11D3-BF4B-00C04F79EFBC}") = "Unity.Burst", "Unity.Burst.csproj", "{960ADC5E-0F62-ECFB-37AB-1AC800BEDA91}"
EndProject
Project("{FAE04EC0-301F-11D3-BF4B-00C04F79EFBC}") = "jsb.native", "jsb.native.csproj", "{44AE2873-EED5-76BE-FF45-98F3B5709F77}"
EndProject
Project("{FAE04EC0-301F-11D3-BF4B-00C04F79EFBC}") = "Unity.AI.Navigation.Editor", "Unity.AI.Navigation.Editor.csproj", "{078BBB2B-1832-17ED-0F38-92FC3E691320}"
EndProject
Project("{FAE04EC0-301F-11D3-BF4B-00C04F79EFBC}") = "Unity.Animation.Rigging", "Unity.Animation.Rigging.csproj", "{38183036-9B72-F32B-3103-44255A50C059}"
EndProject
Project("{FAE04EC0-301F-11D3-BF4B-00C04F79EFBC}") = "Unity.VisualStudio.Editor", "Unity.VisualStudio.Editor.csproj", "{B475620B-6E88-3B69-586E-859AB6E0926A}"
EndProject
Project("{FAE04EC0-301F-11D3-BF4B-00C04F79EFBC}") = "Unity.Animation.Rigging.Editor", "Unity.Animation.Rigging.Editor.csproj", "{4E18824C-285E-CE4C-FE5E-680A0F2C6E71}"
EndProject
Project("{FAE04EC0-301F-11D3-BF4B-00C04F79EFBC}") = "Unity.FishNet.Codegen", "Unity.FishNet.Codegen.csproj", "{C50E0538-856C-63E4-5816-A79BF149EF41}"
EndProject
Project("{FAE04EC0-301F-11D3-BF4B-00C04F79EFBC}") = "ReactUnity.UIToolkit", "ReactUnity.UIToolkit.csproj", "{D4F0CCDC-AECB-DF7B-55BA-0A00ECA352EB}"
EndProject
Project("{FAE04EC0-301F-11D3-BF4B-00C04F79EFBC}") = "GameKit.Dependencies", "GameKit.Dependencies.csproj", "{BBB66AAF-1DF4-F90A-B5B6-AFD7FE6455D2}"
EndProject
Project("{FAE04EC0-301F-11D3-BF4B-00C04F79EFBC}") = "Edgegap", "Edgegap.csproj", "{C10A44BA-236E-78F7-B57C-84C73B806F7E}"
EndProject
Project("{FAE04EC0-301F-11D3-BF4B-00C04F79EFBC}") = "UMA_Examples", "UMA_Examples.csproj", "{39EC8F01-7AD9-0E6B-B3A2-1E26D7226C5E}"
EndProject
Project("{FAE04EC0-301F-11D3-BF4B-00C04F79EFBC}") = "UMA_Core", "UMA_Core.csproj", "{59335544-A451-8A42-7F4E-F7F91A53F3C1}"
EndProject
Project("{FAE04EC0-301F-11D3-BF4B-00C04F79EFBC}") = "Unity.TestTools.CodeCoverage.Editor.OpenCover.Model", "Unity.TestTools.CodeCoverage.Editor.OpenCover.Model.csproj", "{665E8661-9694-483E-C687-69D15428CFC1}"
EndProject
Project("{FAE04EC0-301F-11D3-BF4B-00C04F79EFBC}") = "Unity.Rider.Editor", "Unity.Rider.Editor.csproj", "{5D7BC5C5-AE34-1ECE-EF5A-C7372F295A06}"
EndProject
Project("{FAE04EC0-301F-11D3-BF4B-00C04F79EFBC}") = "LibYoga", "LibYoga.csproj", "{8F3DA906-6406-DCFE-C655-22D5E2B9A436}"
EndProject
Project("{FAE04EC0-301F-11D3-BF4B-00C04F79EFBC}") = "jsb.core", "jsb.core.csproj", "{FD7DED96-52F0-796C-42EF-AB6148334080}"
EndProject
Project("{FAE04EC0-301F-11D3-BF4B-00C04F79EFBC}") = "Unity.AI.Navigation.Editor.ConversionSystem", "Unity.AI.Navigation.Editor.ConversionSystem.csproj", "{C89D88F9-1959-7032-B3E9-ED641771B257}"
EndProject
Project("{FAE04EC0-301F-11D3-BF4B-00C04F79EFBC}") = "Unity.VisualScripting.State.Editor", "Unity.VisualScripting.State.Editor.csproj", "{4A1B0FE4-413E-008F-02DB-AB210840A5E4}"
EndProject
Project("{FAE04EC0-301F-11D3-BF4B-00C04F79EFBC}") = "Nova.UIControls", "Nova.UIControls.csproj", "{19D27D38-6899-95BE-AD42-0F225572D21C}"
EndProject
Project("{FAE04EC0-301F-11D3-BF4B-00C04F79EFBC}") = "UnityEngine.UI", "UnityEngine.UI.csproj", "{1703F7E7-5A36-C738-8F6C-34819475211C}"
EndProject
Project("{FAE04EC0-301F-11D3-BF4B-00C04F79EFBC}") = "Unity.TestTools.CodeCoverage.Editor", "Unity.TestTools.CodeCoverage.Editor.csproj", "{EBAEDAE6-66CD-8C8A-F864-110770C053C5}"
EndProject
Project("{FAE04EC0-301F-11D3-BF4B-00C04F79EFBC}") = "Unity.Burst.CodeGen", "Unity.Burst.CodeGen.csproj", "{D67AF729-7D85-47D2-CD00-F1C557BD0090}"
EndProject
Project("{FAE04EC0-301F-11D3-BF4B-00C04F79EFBC}") = "FishNet.Demos", "FishNet.Demos.csproj", "{CE943D22-9B72-81BE-88C5-3761E8B33901}"
EndProject
Project("{FAE04EC0-301F-11D3-BF4B-00C04F79EFBC}") = "Unity.AI.Navigation", "Unity.AI.Navigation.csproj", "{A9F1A423-EE4A-8282-D3B2-B62D79868A72}"
EndProject
Project("{FAE04EC0-301F-11D3-BF4B-00C04F79EFBC}") = "Unity.VisualScripting.State", "Unity.VisualScripting.State.csproj", "{4CDC39F5-421D-7CAA-BEC8-66F08C95F350}"
EndProject
Project("{FAE04EC0-301F-11D3-BF4B-00C04F79EFBC}") = "Unity.TextMeshPro", "Unity.TextMeshPro.csproj", "{AFFD60CA-0949-87D4-5BE6-98382B62709A}"
EndProject
Project("{FAE04EC0-301F-11D3-BF4B-00C04F79EFBC}") = "Unity.Performance.Profile-Analyzer.Editor", "Unity.Performance.Profile-Analyzer.Editor.csproj", "{A0F44AE4-FA6D-F8FE-6048-C6E5EA9CFBF2}"
EndProject
Project("{FAE04EC0-301F-11D3-BF4B-00C04F79EFBC}") = "UMA_Content", "UMA_Content.csproj", "{3FAD1FA7-C868-47F5-5A71-88039DEE643E}"
EndProject
Project("{FAE04EC0-301F-11D3-BF4B-00C04F79EFBC}") = "GameCreator.Tests.Core", "GameCreator.Tests.Core.csproj", "{9DBA8D6B-24A8-996C-6A98-69D4DB12570A}"
EndProject
Project("{FAE04EC0-301F-11D3-BF4B-00C04F79EFBC}") = "Unity.VisualScripting.SettingsProvider.Editor", "Unity.VisualScripting.SettingsProvider.Editor.csproj", "{BCDBA392-E72B-980D-B19C-4EC202306245}"
EndProject
Project("{FAE04EC0-301F-11D3-BF4B-00C04F79EFBC}") = "Unity.VSCode.Editor", "Unity.VSCode.Editor.csproj", "{F95D8FC8-6DC2-834D-7D9B-4A9BBF5867B3}"
EndProject
Project("{FAE04EC0-301F-11D3-BF4B-00C04F79EFBC}") = "ReactUnity.Editor", "ReactUnity.Editor.csproj", "{2FFF49ED-225F-6C3D-99EA-BE01002C12C3}"
EndProject
Project("{FAE04EC0-301F-11D3-BF4B-00C04F79EFBC}") = "Unity.Burst.Editor", "Unity.Burst.Editor.csproj", "{E94AA47B-E625-588D-9C70-3740719D7091}"
EndProject
Project("{FAE04EC0-301F-11D3-BF4B-00C04F79EFBC}") = "Unity.TestTools.CodeCoverage.Editor.OpenCover.Mono.Reflection", "Unity.TestTools.CodeCoverage.Editor.OpenCover.Mono.Reflection.csproj", "{144443E7-A802-1BB4-A94A-434D062F6342}"
EndProject
Project("{FAE04EC0-301F-11D3-BF4B-00C04F79EFBC}") = "Unity.Sysroot.Linux_x86_64", "Unity.Sysroot.Linux_x86_64.csproj", "{1C0A64BA-9775-65F5-2A0F-955A5574455E}"
EndProject
Project("{FAE04EC0-301F-11D3-BF4B-00C04F79EFBC}") = "Unity.AI.Navigation.Updater", "Unity.AI.Navigation.Updater.csproj", "{B215CEA0-C02D-F013-FB99-7C250215777C}"
EndProject
Project("{FAE04EC0-301F-11D3-BF4B-00C04F79EFBC}") = "Unity.Settings.Editor", "Unity.Settings.Editor.csproj", "{069F2D4B-8C49-96A1-DF14-80DAE6D9C15C}"
EndProject
Project("{FAE04EC0-301F-11D3-BF4B-00C04F79EFBC}") = "UMA_Examples_Editor", "UMA_Examples_Editor.csproj", "{EB94CB7C-9537-957B-5DF9-D33E84059A8A}"
EndProject
Project("{FAE04EC0-301F-11D3-BF4B-00C04F79EFBC}") = "Unity.InputSystem.ForUI", "Unity.InputSystem.ForUI.csproj", "{102D73E7-A017-D5D1-E062-343342BC128E}"
EndProject
Project("{FAE04EC0-301F-11D3-BF4B-00C04F79EFBC}") = "Unity.Collections.CodeGen", "Unity.Collections.CodeGen.csproj", "{F992C06F-FF20-8C6B-CBD4-2505ABD6F14E}"
EndProject
Project("{FAE04EC0-301F-11D3-BF4B-00C04F79EFBC}") = "Unity.Mathematics.Editor", "Unity.Mathematics.Editor.csproj", "{AAC40C5F-66ED-3CFF-B338-171436619FE8}"
EndProject
Project("{FAE04EC0-301F-11D3-BF4B-00C04F79EFBC}") = "Assembly-CSharp-Editor", "Assembly-CSharp-Editor.csproj", "{BE62703B-61D9-C13A-8F84-99C72785CC8F}"
EndProject
Project("{FAE04EC0-301F-11D3-BF4B-00C04F79EFBC}") = "Addressable_Editor", "Addressable_Editor.csproj", "{013151FB-39B1-7E2E-49AB-363BDBD48015}"
EndProject
Project("{FAE04EC0-301F-11D3-BF4B-00C04F79EFBC}") = "Unity.InputSystem.TestFramework", "Unity.InputSystem.TestFramework.csproj", "{398E505A-7B4E-6C93-E488-B923B8728925}"
EndProject
Project("{FAE04EC0-301F-11D3-BF4B-00C04F79EFBC}") = "Unity.SysrootPackage.Editor", "Unity.SysrootPackage.Editor.csproj", "{32BF01CE-A82A-2719-701D-09405E77F208}"
EndProject
Project("{FAE04EC0-301F-11D3-BF4B-00C04F79EFBC}") = "Unity.VisualScripting.Shared.Editor", "Unity.VisualScripting.Shared.Editor.csproj", "{9AC88AC0-B8FF-001D-AC48-9A256D629B23}"
EndProject
Project("{FAE04EC0-301F-11D3-BF4B-00C04F79EFBC}") = "Nova.UIControls.Editor", "Nova.UIControls.Editor.csproj", "{F16F3684-8920-D980-4A69-BF0FC8DBE77E}"
EndProject
Project("{FAE04EC0-301F-11D3-BF4B-00C04F79EFBC}") = "jsb.shared", "jsb.shared.csproj", "{09BAB4D7-5C8D-9A06-A63E-42DFFCECC7E1}"
EndProject
Project("{FAE04EC0-301F-11D3-BF4B-00C04F79EFBC}") = "Unity.Toolchain.Win-x86_64-Linux-x86_64", "Unity.Toolchain.Win-x86_64-Linux-x86_64.csproj", "{8E22C2C1-DC1F-6AEC-3908-3D59D56F3ED0}"
EndProject
Project("{FAE04EC0-301F-11D3-BF4B-00C04F79EFBC}") = "Unity.EditorCoroutines.Editor", "Unity.EditorCoroutines.Editor.csproj", "{6905ECB5-99F0-EC66-5E84-5A5EB7818C8F}"
EndProject
Project("{FAE04EC0-301F-11D3-BF4B-00C04F79EFBC}") = "Unity.Animation.Rigging.DocCodeExamples", "Unity.Animation.Rigging.DocCodeExamples.csproj", "{BA18EE9B-A015-5742-C492-14B6FE8FED63}"
EndProject
Project("{FAE04EC0-301F-11D3-BF4B-00C04F79EFBC}") = "endel.nativewebsocket", "endel.nativewebsocket.csproj", "{762682DB-3D17-8B3E-9A9E-902FD6952D33}"
EndProject
Project("{FAE04EC0-301F-11D3-BF4B-00C04F79EFBC}") = "jsb.editor.hotfix", "jsb.editor.hotfix.csproj", "{808BA8C0-BF8B-FADF-0377-445133EBA8AE}"
EndProject
Project("{FAE04EC0-301F-11D3-BF4B-00C04F79EFBC}") = "Unity.Collections.Editor", "Unity.Collections.Editor.csproj", "{DEDDD3F0-B454-7DC3-898E-2967EECFDC29}"
EndProject
Project("{FAE04EC0-301F-11D3-BF4B-00C04F79EFBC}") = "Sirenix.OdinInspector.Modules.UnityMathematics", "Sirenix.OdinInspector.Modules.UnityMathematics.csproj", "{EFC6C86D-5496-00AD-49C5-AF48FF80FF4C}"
EndProject
Global
	GlobalSection(SolutionConfigurationPlatforms) = preSolution
		Debug|Any CPU = Debug|Any CPU
		Release|Any CPU = Release|Any CPU
	EndGlobalSection
	GlobalSection(ProjectConfigurationPlatforms) = postSolution
		{43DB4D75-55DD-CC07-FBBF-1882C8740BED}.Debug|Any CPU.ActiveCfg = Debug|Any CPU
		{43DB4D75-55DD-CC07-FBBF-1882C8740BED}.Debug|Any CPU.Build.0 = Debug|Any CPU
		{43DB4D75-55DD-CC07-FBBF-1882C8740BED}.Release|Any CPU.ActiveCfg = Release|Any CPU
		{43DB4D75-55DD-CC07-FBBF-1882C8740BED}.Release|Any CPU.Build.0 = Release|Any CPU
		{344F4661-4C31-B3BD-C94D-0CC1D997EB68}.Debug|Any CPU.ActiveCfg = Debug|Any CPU
		{344F4661-4C31-B3BD-C94D-0CC1D997EB68}.Debug|Any CPU.Build.0 = Debug|Any CPU
		{344F4661-4C31-B3BD-C94D-0CC1D997EB68}.Release|Any CPU.ActiveCfg = Release|Any CPU
		{344F4661-4C31-B3BD-C94D-0CC1D997EB68}.Release|Any CPU.Build.0 = Release|Any CPU
		{3AD0E52F-5E12-84C0-9E7C-210B7DD55237}.Debug|Any CPU.ActiveCfg = Debug|Any CPU
		{3AD0E52F-5E12-84C0-9E7C-210B7DD55237}.Debug|Any CPU.Build.0 = Debug|Any CPU
		{3AD0E52F-5E12-84C0-9E7C-210B7DD55237}.Release|Any CPU.ActiveCfg = Release|Any CPU
		{3AD0E52F-5E12-84C0-9E7C-210B7DD55237}.Release|Any CPU.Build.0 = Release|Any CPU
		{9574EEA2-980D-260B-DB94-DB03B10AA530}.Debug|Any CPU.ActiveCfg = Debug|Any CPU
		{9574EEA2-980D-260B-DB94-DB03B10AA530}.Debug|Any CPU.Build.0 = Debug|Any CPU
		{9574EEA2-980D-260B-DB94-DB03B10AA530}.Release|Any CPU.ActiveCfg = Release|Any CPU
		{9574EEA2-980D-260B-DB94-DB03B10AA530}.Release|Any CPU.Build.0 = Release|Any CPU
		{DB874FC0-CD50-D925-02CB-832B50127F41}.Debug|Any CPU.ActiveCfg = Debug|Any CPU
		{DB874FC0-CD50-D925-02CB-832B50127F41}.Debug|Any CPU.Build.0 = Debug|Any CPU
		{DB874FC0-CD50-D925-02CB-832B50127F41}.Release|Any CPU.ActiveCfg = Release|Any CPU
		{DB874FC0-CD50-D925-02CB-832B50127F41}.Release|Any CPU.Build.0 = Release|Any CPU
		{4B548E2B-7FD7-C0C2-7EAF-174C77E76A02}.Debug|Any CPU.ActiveCfg = Debug|Any CPU
		{4B548E2B-7FD7-C0C2-7EAF-174C77E76A02}.Debug|Any CPU.Build.0 = Debug|Any CPU
		{4B548E2B-7FD7-C0C2-7EAF-174C77E76A02}.Release|Any CPU.ActiveCfg = Release|Any CPU
		{4B548E2B-7FD7-C0C2-7EAF-174C77E76A02}.Release|Any CPU.Build.0 = Release|Any CPU
		{A4D9B1F6-8EC0-37E7-9565-0F4FB0B13296}.Debug|Any CPU.ActiveCfg = Debug|Any CPU
		{A4D9B1F6-8EC0-37E7-9565-0F4FB0B13296}.Debug|Any CPU.Build.0 = Debug|Any CPU
		{A4D9B1F6-8EC0-37E7-9565-0F4FB0B13296}.Release|Any CPU.ActiveCfg = Release|Any CPU
		{A4D9B1F6-8EC0-37E7-9565-0F4FB0B13296}.Release|Any CPU.Build.0 = Release|Any CPU
		{E0899EAC-4373-95F6-B58D-5AAB354D77E5}.Debug|Any CPU.ActiveCfg = Debug|Any CPU
		{E0899EAC-4373-95F6-B58D-5AAB354D77E5}.Debug|Any CPU.Build.0 = Debug|Any CPU
		{E0899EAC-4373-95F6-B58D-5AAB354D77E5}.Release|Any CPU.ActiveCfg = Release|Any CPU
		{E0899EAC-4373-95F6-B58D-5AAB354D77E5}.Release|Any CPU.Build.0 = Release|Any CPU
		{1CC69226-7CD8-926F-E8A8-85720450E730}.Debug|Any CPU.ActiveCfg = Debug|Any CPU
		{1CC69226-7CD8-926F-E8A8-85720450E730}.Debug|Any CPU.Build.0 = Debug|Any CPU
		{1CC69226-7CD8-926F-E8A8-85720450E730}.Release|Any CPU.ActiveCfg = Release|Any CPU
		{1CC69226-7CD8-926F-E8A8-85720450E730}.Release|Any CPU.Build.0 = Release|Any CPU
		{22CA8DD4-69D3-6A06-1D18-A3FED79B70A2}.Debug|Any CPU.ActiveCfg = Debug|Any CPU
		{22CA8DD4-69D3-6A06-1D18-A3FED79B70A2}.Debug|Any CPU.Build.0 = Debug|Any CPU
		{22CA8DD4-69D3-6A06-1D18-A3FED79B70A2}.Release|Any CPU.ActiveCfg = Release|Any CPU
		{22CA8DD4-69D3-6A06-1D18-A3FED79B70A2}.Release|Any CPU.Build.0 = Release|Any CPU
		{DEED3197-69C0-3198-AC16-6123BF4C7FF2}.Debug|Any CPU.ActiveCfg = Debug|Any CPU
		{DEED3197-69C0-3198-AC16-6123BF4C7FF2}.Debug|Any CPU.Build.0 = Debug|Any CPU
		{DEED3197-69C0-3198-AC16-6123BF4C7FF2}.Release|Any CPU.ActiveCfg = Release|Any CPU
		{DEED3197-69C0-3198-AC16-6123BF4C7FF2}.Release|Any CPU.Build.0 = Release|Any CPU
		{8D3F2DD2-D9AA-CCB6-784A-B82EB22FD8C9}.Debug|Any CPU.ActiveCfg = Debug|Any CPU
		{8D3F2DD2-D9AA-CCB6-784A-B82EB22FD8C9}.Debug|Any CPU.Build.0 = Debug|Any CPU
		{8D3F2DD2-D9AA-CCB6-784A-B82EB22FD8C9}.Release|Any CPU.ActiveCfg = Release|Any CPU
		{8D3F2DD2-D9AA-CCB6-784A-B82EB22FD8C9}.Release|Any CPU.Build.0 = Release|Any CPU
		{63A8B161-CD28-099C-FD73-B49F0D6A9E10}.Debug|Any CPU.ActiveCfg = Debug|Any CPU
		{63A8B161-CD28-099C-FD73-B49F0D6A9E10}.Debug|Any CPU.Build.0 = Debug|Any CPU
		{63A8B161-CD28-099C-FD73-B49F0D6A9E10}.Release|Any CPU.ActiveCfg = Release|Any CPU
		{63A8B161-CD28-099C-FD73-B49F0D6A9E10}.Release|Any CPU.Build.0 = Release|Any CPU
		{B851564D-5F4A-5D05-B07C-D118B4C5F8C3}.Debug|Any CPU.ActiveCfg = Debug|Any CPU
		{B851564D-5F4A-5D05-B07C-D118B4C5F8C3}.Debug|Any CPU.Build.0 = Debug|Any CPU
		{B851564D-5F4A-5D05-B07C-D118B4C5F8C3}.Release|Any CPU.ActiveCfg = Release|Any CPU
		{B851564D-5F4A-5D05-B07C-D118B4C5F8C3}.Release|Any CPU.Build.0 = Release|Any CPU
		{7BD605F2-260E-BBCC-BA55-54E6DCBBA953}.Debug|Any CPU.ActiveCfg = Debug|Any CPU
		{7BD605F2-260E-BBCC-BA55-54E6DCBBA953}.Debug|Any CPU.Build.0 = Debug|Any CPU
		{7BD605F2-260E-BBCC-BA55-54E6DCBBA953}.Release|Any CPU.ActiveCfg = Release|Any CPU
		{7BD605F2-260E-BBCC-BA55-54E6DCBBA953}.Release|Any CPU.Build.0 = Release|Any CPU
		{FA218CC3-52FD-8B2F-EFEF-1D85596CCD3D}.Debug|Any CPU.ActiveCfg = Debug|Any CPU
		{FA218CC3-52FD-8B2F-EFEF-1D85596CCD3D}.Debug|Any CPU.Build.0 = Debug|Any CPU
		{FA218CC3-52FD-8B2F-EFEF-1D85596CCD3D}.Release|Any CPU.ActiveCfg = Release|Any CPU
		{FA218CC3-52FD-8B2F-EFEF-1D85596CCD3D}.Release|Any CPU.Build.0 = Release|Any CPU
		{249C83C7-1624-E85F-2B1E-4921162E9A1B}.Debug|Any CPU.ActiveCfg = Debug|Any CPU
		{249C83C7-1624-E85F-2B1E-4921162E9A1B}.Debug|Any CPU.Build.0 = Debug|Any CPU
		{249C83C7-1624-E85F-2B1E-4921162E9A1B}.Release|Any CPU.ActiveCfg = Release|Any CPU
		{249C83C7-1624-E85F-2B1E-4921162E9A1B}.Release|Any CPU.Build.0 = Release|Any CPU
		{C3EC18DB-6E7A-7169-5D47-F02E339F8074}.Debug|Any CPU.ActiveCfg = Debug|Any CPU
		{C3EC18DB-6E7A-7169-5D47-F02E339F8074}.Debug|Any CPU.Build.0 = Debug|Any CPU
		{C3EC18DB-6E7A-7169-5D47-F02E339F8074}.Release|Any CPU.ActiveCfg = Release|Any CPU
		{C3EC18DB-6E7A-7169-5D47-F02E339F8074}.Release|Any CPU.Build.0 = Release|Any CPU
		{65CE45E0-7287-9ACB-9793-9BAD8C5F97E7}.Debug|Any CPU.ActiveCfg = Debug|Any CPU
		{65CE45E0-7287-9ACB-9793-9BAD8C5F97E7}.Debug|Any CPU.Build.0 = Debug|Any CPU
		{65CE45E0-7287-9ACB-9793-9BAD8C5F97E7}.Release|Any CPU.ActiveCfg = Release|Any CPU
		{65CE45E0-7287-9ACB-9793-9BAD8C5F97E7}.Release|Any CPU.Build.0 = Release|Any CPU
		{8D4013CC-51D6-EDF8-11B9-44E3228C0632}.Debug|Any CPU.ActiveCfg = Debug|Any CPU
		{8D4013CC-51D6-EDF8-11B9-44E3228C0632}.Debug|Any CPU.Build.0 = Debug|Any CPU
		{8D4013CC-51D6-EDF8-11B9-44E3228C0632}.Release|Any CPU.ActiveCfg = Release|Any CPU
		{8D4013CC-51D6-EDF8-11B9-44E3228C0632}.Release|Any CPU.Build.0 = Release|Any CPU
		{12C591CF-477A-2F56-4CF0-1992827F79A6}.Debug|Any CPU.ActiveCfg = Debug|Any CPU
		{12C591CF-477A-2F56-4CF0-1992827F79A6}.Debug|Any CPU.Build.0 = Debug|Any CPU
		{12C591CF-477A-2F56-4CF0-1992827F79A6}.Release|Any CPU.ActiveCfg = Release|Any CPU
		{12C591CF-477A-2F56-4CF0-1992827F79A6}.Release|Any CPU.Build.0 = Release|Any CPU
		{9B3386AA-D2C5-AAE3-F981-A6EFCD811479}.Debug|Any CPU.ActiveCfg = Debug|Any CPU
		{9B3386AA-D2C5-AAE3-F981-A6EFCD811479}.Debug|Any CPU.Build.0 = Debug|Any CPU
		{9B3386AA-D2C5-AAE3-F981-A6EFCD811479}.Release|Any CPU.ActiveCfg = Release|Any CPU
		{9B3386AA-D2C5-AAE3-F981-A6EFCD811479}.Release|Any CPU.Build.0 = Release|Any CPU
		{B42A6E8A-FE14-0FB8-ECB2-417201B0ED85}.Debug|Any CPU.ActiveCfg = Debug|Any CPU
		{B42A6E8A-FE14-0FB8-ECB2-417201B0ED85}.Debug|Any CPU.Build.0 = Debug|Any CPU
		{B42A6E8A-FE14-0FB8-ECB2-417201B0ED85}.Release|Any CPU.ActiveCfg = Release|Any CPU
		{B42A6E8A-FE14-0FB8-ECB2-417201B0ED85}.Release|Any CPU.Build.0 = Release|Any CPU
		{33CB7998-CBF2-8588-0338-D88C0B4BD26A}.Debug|Any CPU.ActiveCfg = Debug|Any CPU
		{33CB7998-CBF2-8588-0338-D88C0B4BD26A}.Debug|Any CPU.Build.0 = Debug|Any CPU
		{33CB7998-CBF2-8588-0338-D88C0B4BD26A}.Release|Any CPU.ActiveCfg = Release|Any CPU
		{33CB7998-CBF2-8588-0338-D88C0B4BD26A}.Release|Any CPU.Build.0 = Release|Any CPU
		{EF864A9E-4EAA-94B1-0878-189A65BCF0C3}.Debug|Any CPU.ActiveCfg = Debug|Any CPU
		{EF864A9E-4EAA-94B1-0878-189A65BCF0C3}.Debug|Any CPU.Build.0 = Debug|Any CPU
		{EF864A9E-4EAA-94B1-0878-189A65BCF0C3}.Release|Any CPU.ActiveCfg = Release|Any CPU
		{EF864A9E-4EAA-94B1-0878-189A65BCF0C3}.Release|Any CPU.Build.0 = Release|Any CPU
		{960ADC5E-0F62-ECFB-37AB-1AC800BEDA91}.Debug|Any CPU.ActiveCfg = Debug|Any CPU
		{960ADC5E-0F62-ECFB-37AB-1AC800BEDA91}.Debug|Any CPU.Build.0 = Debug|Any CPU
		{960ADC5E-0F62-ECFB-37AB-1AC800BEDA91}.Release|Any CPU.ActiveCfg = Release|Any CPU
		{960ADC5E-0F62-ECFB-37AB-1AC800BEDA91}.Release|Any CPU.Build.0 = Release|Any CPU
		{44AE2873-EED5-76BE-FF45-98F3B5709F77}.Debug|Any CPU.ActiveCfg = Debug|Any CPU
		{44AE2873-EED5-76BE-FF45-98F3B5709F77}.Debug|Any CPU.Build.0 = Debug|Any CPU
		{44AE2873-EED5-76BE-FF45-98F3B5709F77}.Release|Any CPU.ActiveCfg = Release|Any CPU
		{44AE2873-EED5-76BE-FF45-98F3B5709F77}.Release|Any CPU.Build.0 = Release|Any CPU
		{078BBB2B-1832-17ED-0F38-92FC3E691320}.Debug|Any CPU.ActiveCfg = Debug|Any CPU
		{078BBB2B-1832-17ED-0F38-92FC3E691320}.Debug|Any CPU.Build.0 = Debug|Any CPU
		{078BBB2B-1832-17ED-0F38-92FC3E691320}.Release|Any CPU.ActiveCfg = Release|Any CPU
		{078BBB2B-1832-17ED-0F38-92FC3E691320}.Release|Any CPU.Build.0 = Release|Any CPU
		{38183036-9B72-F32B-3103-44255A50C059}.Debug|Any CPU.ActiveCfg = Debug|Any CPU
		{38183036-9B72-F32B-3103-44255A50C059}.Debug|Any CPU.Build.0 = Debug|Any CPU
		{38183036-9B72-F32B-3103-44255A50C059}.Release|Any CPU.ActiveCfg = Release|Any CPU
		{38183036-9B72-F32B-3103-44255A50C059}.Release|Any CPU.Build.0 = Release|Any CPU
		{B475620B-6E88-3B69-586E-859AB6E0926A}.Debug|Any CPU.ActiveCfg = Debug|Any CPU
		{B475620B-6E88-3B69-586E-859AB6E0926A}.Debug|Any CPU.Build.0 = Debug|Any CPU
		{B475620B-6E88-3B69-586E-859AB6E0926A}.Release|Any CPU.ActiveCfg = Release|Any CPU
		{B475620B-6E88-3B69-586E-859AB6E0926A}.Release|Any CPU.Build.0 = Release|Any CPU
		{4E18824C-285E-CE4C-FE5E-680A0F2C6E71}.Debug|Any CPU.ActiveCfg = Debug|Any CPU
		{4E18824C-285E-CE4C-FE5E-680A0F2C6E71}.Debug|Any CPU.Build.0 = Debug|Any CPU
		{4E18824C-285E-CE4C-FE5E-680A0F2C6E71}.Release|Any CPU.ActiveCfg = Release|Any CPU
		{4E18824C-285E-CE4C-FE5E-680A0F2C6E71}.Release|Any CPU.Build.0 = Release|Any CPU
		{C50E0538-856C-63E4-5816-A79BF149EF41}.Debug|Any CPU.ActiveCfg = Debug|Any CPU
		{C50E0538-856C-63E4-5816-A79BF149EF41}.Debug|Any CPU.Build.0 = Debug|Any CPU
		{C50E0538-856C-63E4-5816-A79BF149EF41}.Release|Any CPU.ActiveCfg = Release|Any CPU
		{C50E0538-856C-63E4-5816-A79BF149EF41}.Release|Any CPU.Build.0 = Release|Any CPU
		{D4F0CCDC-AECB-DF7B-55BA-0A00ECA352EB}.Debug|Any CPU.ActiveCfg = Debug|Any CPU
		{D4F0CCDC-AECB-DF7B-55BA-0A00ECA352EB}.Debug|Any CPU.Build.0 = Debug|Any CPU
		{D4F0CCDC-AECB-DF7B-55BA-0A00ECA352EB}.Release|Any CPU.ActiveCfg = Release|Any CPU
		{D4F0CCDC-AECB-DF7B-55BA-0A00ECA352EB}.Release|Any CPU.Build.0 = Release|Any CPU
		{BBB66AAF-1DF4-F90A-B5B6-AFD7FE6455D2}.Debug|Any CPU.ActiveCfg = Debug|Any CPU
		{BBB66AAF-1DF4-F90A-B5B6-AFD7FE6455D2}.Debug|Any CPU.Build.0 = Debug|Any CPU
		{BBB66AAF-1DF4-F90A-B5B6-AFD7FE6455D2}.Release|Any CPU.ActiveCfg = Release|Any CPU
		{BBB66AAF-1DF4-F90A-B5B6-AFD7FE6455D2}.Release|Any CPU.Build.0 = Release|Any CPU
		{C10A44BA-236E-78F7-B57C-84C73B806F7E}.Debug|Any CPU.ActiveCfg = Debug|Any CPU
		{C10A44BA-236E-78F7-B57C-84C73B806F7E}.Debug|Any CPU.Build.0 = Debug|Any CPU
		{C10A44BA-236E-78F7-B57C-84C73B806F7E}.Release|Any CPU.ActiveCfg = Release|Any CPU
		{C10A44BA-236E-78F7-B57C-84C73B806F7E}.Release|Any CPU.Build.0 = Release|Any CPU
		{39EC8F01-7AD9-0E6B-B3A2-1E26D7226C5E}.Debug|Any CPU.ActiveCfg = Debug|Any CPU
		{39EC8F01-7AD9-0E6B-B3A2-1E26D7226C5E}.Debug|Any CPU.Build.0 = Debug|Any CPU
		{39EC8F01-7AD9-0E6B-B3A2-1E26D7226C5E}.Release|Any CPU.ActiveCfg = Release|Any CPU
		{39EC8F01-7AD9-0E6B-B3A2-1E26D7226C5E}.Release|Any CPU.Build.0 = Release|Any CPU
		{59335544-A451-8A42-7F4E-F7F91A53F3C1}.Debug|Any CPU.ActiveCfg = Debug|Any CPU
		{59335544-A451-8A42-7F4E-F7F91A53F3C1}.Debug|Any CPU.Build.0 = Debug|Any CPU
		{59335544-A451-8A42-7F4E-F7F91A53F3C1}.Release|Any CPU.ActiveCfg = Release|Any CPU
		{59335544-A451-8A42-7F4E-F7F91A53F3C1}.Release|Any CPU.Build.0 = Release|Any CPU
		{665E8661-9694-483E-C687-69D15428CFC1}.Debug|Any CPU.ActiveCfg = Debug|Any CPU
		{665E8661-9694-483E-C687-69D15428CFC1}.Debug|Any CPU.Build.0 = Debug|Any CPU
		{665E8661-9694-483E-C687-69D15428CFC1}.Release|Any CPU.ActiveCfg = Release|Any CPU
		{665E8661-9694-483E-C687-69D15428CFC1}.Release|Any CPU.Build.0 = Release|Any CPU
		{5D7BC5C5-AE34-1ECE-EF5A-C7372F295A06}.Debug|Any CPU.ActiveCfg = Debug|Any CPU
		{5D7BC5C5-AE34-1ECE-EF5A-C7372F295A06}.Debug|Any CPU.Build.0 = Debug|Any CPU
		{5D7BC5C5-AE34-1ECE-EF5A-C7372F295A06}.Release|Any CPU.ActiveCfg = Release|Any CPU
		{5D7BC5C5-AE34-1ECE-EF5A-C7372F295A06}.Release|Any CPU.Build.0 = Release|Any CPU
		{8F3DA906-6406-DCFE-C655-22D5E2B9A436}.Debug|Any CPU.ActiveCfg = Debug|Any CPU
		{8F3DA906-6406-DCFE-C655-22D5E2B9A436}.Debug|Any CPU.Build.0 = Debug|Any CPU
		{8F3DA906-6406-DCFE-C655-22D5E2B9A436}.Release|Any CPU.ActiveCfg = Release|Any CPU
		{8F3DA906-6406-DCFE-C655-22D5E2B9A436}.Release|Any CPU.Build.0 = Release|Any CPU
		{FD7DED96-52F0-796C-42EF-AB6148334080}.Debug|Any CPU.ActiveCfg = Debug|Any CPU
		{FD7DED96-52F0-796C-42EF-AB6148334080}.Debug|Any CPU.Build.0 = Debug|Any CPU
		{FD7DED96-52F0-796C-42EF-AB6148334080}.Release|Any CPU.ActiveCfg = Release|Any CPU
		{FD7DED96-52F0-796C-42EF-AB6148334080}.Release|Any CPU.Build.0 = Release|Any CPU
		{C89D88F9-1959-7032-B3E9-ED641771B257}.Debug|Any CPU.ActiveCfg = Debug|Any CPU
		{C89D88F9-1959-7032-B3E9-ED641771B257}.Debug|Any CPU.Build.0 = Debug|Any CPU
		{C89D88F9-1959-7032-B3E9-ED641771B257}.Release|Any CPU.ActiveCfg = Release|Any CPU
		{C89D88F9-1959-7032-B3E9-ED641771B257}.Release|Any CPU.Build.0 = Release|Any CPU
		{4A1B0FE4-413E-008F-02DB-AB210840A5E4}.Debug|Any CPU.ActiveCfg = Debug|Any CPU
		{4A1B0FE4-413E-008F-02DB-AB210840A5E4}.Debug|Any CPU.Build.0 = Debug|Any CPU
		{4A1B0FE4-413E-008F-02DB-AB210840A5E4}.Release|Any CPU.ActiveCfg = Release|Any CPU
		{4A1B0FE4-413E-008F-02DB-AB210840A5E4}.Release|Any CPU.Build.0 = Release|Any CPU
		{19D27D38-6899-95BE-AD42-0F225572D21C}.Debug|Any CPU.ActiveCfg = Debug|Any CPU
		{19D27D38-6899-95BE-AD42-0F225572D21C}.Debug|Any CPU.Build.0 = Debug|Any CPU
		{19D27D38-6899-95BE-AD42-0F225572D21C}.Release|Any CPU.ActiveCfg = Release|Any CPU
		{19D27D38-6899-95BE-AD42-0F225572D21C}.Release|Any CPU.Build.0 = Release|Any CPU
		{1703F7E7-5A36-C738-8F6C-34819475211C}.Debug|Any CPU.ActiveCfg = Debug|Any CPU
		{1703F7E7-5A36-C738-8F6C-34819475211C}.Debug|Any CPU.Build.0 = Debug|Any CPU
		{1703F7E7-5A36-C738-8F6C-34819475211C}.Release|Any CPU.ActiveCfg = Release|Any CPU
		{1703F7E7-5A36-C738-8F6C-34819475211C}.Release|Any CPU.Build.0 = Release|Any CPU
		{EBAEDAE6-66CD-8C8A-F864-110770C053C5}.Debug|Any CPU.ActiveCfg = Debug|Any CPU
		{EBAEDAE6-66CD-8C8A-F864-110770C053C5}.Debug|Any CPU.Build.0 = Debug|Any CPU
		{EBAEDAE6-66CD-8C8A-F864-110770C053C5}.Release|Any CPU.ActiveCfg = Release|Any CPU
		{EBAEDAE6-66CD-8C8A-F864-110770C053C5}.Release|Any CPU.Build.0 = Release|Any CPU
		{D67AF729-7D85-47D2-CD00-F1C557BD0090}.Debug|Any CPU.ActiveCfg = Debug|Any CPU
		{D67AF729-7D85-47D2-CD00-F1C557BD0090}.Debug|Any CPU.Build.0 = Debug|Any CPU
		{D67AF729-7D85-47D2-CD00-F1C557BD0090}.Release|Any CPU.ActiveCfg = Release|Any CPU
		{D67AF729-7D85-47D2-CD00-F1C557BD0090}.Release|Any CPU.Build.0 = Release|Any CPU
		{CE943D22-9B72-81BE-88C5-3761E8B33901}.Debug|Any CPU.ActiveCfg = Debug|Any CPU
		{CE943D22-9B72-81BE-88C5-3761E8B33901}.Debug|Any CPU.Build.0 = Debug|Any CPU
		{CE943D22-9B72-81BE-88C5-3761E8B33901}.Release|Any CPU.ActiveCfg = Release|Any CPU
		{CE943D22-9B72-81BE-88C5-3761E8B33901}.Release|Any CPU.Build.0 = Release|Any CPU
		{A9F1A423-EE4A-8282-D3B2-B62D79868A72}.Debug|Any CPU.ActiveCfg = Debug|Any CPU
		{A9F1A423-EE4A-8282-D3B2-B62D79868A72}.Debug|Any CPU.Build.0 = Debug|Any CPU
		{A9F1A423-EE4A-8282-D3B2-B62D79868A72}.Release|Any CPU.ActiveCfg = Release|Any CPU
		{A9F1A423-EE4A-8282-D3B2-B62D79868A72}.Release|Any CPU.Build.0 = Release|Any CPU
		{4CDC39F5-421D-7CAA-BEC8-66F08C95F350}.Debug|Any CPU.ActiveCfg = Debug|Any CPU
		{4CDC39F5-421D-7CAA-BEC8-66F08C95F350}.Debug|Any CPU.Build.0 = Debug|Any CPU
		{4CDC39F5-421D-7CAA-BEC8-66F08C95F350}.Release|Any CPU.ActiveCfg = Release|Any CPU
		{4CDC39F5-421D-7CAA-BEC8-66F08C95F350}.Release|Any CPU.Build.0 = Release|Any CPU
		{AFFD60CA-0949-87D4-5BE6-98382B62709A}.Debug|Any CPU.ActiveCfg = Debug|Any CPU
		{AFFD60CA-0949-87D4-5BE6-98382B62709A}.Debug|Any CPU.Build.0 = Debug|Any CPU
		{AFFD60CA-0949-87D4-5BE6-98382B62709A}.Release|Any CPU.ActiveCfg = Release|Any CPU
		{AFFD60CA-0949-87D4-5BE6-98382B62709A}.Release|Any CPU.Build.0 = Release|Any CPU
		{A0F44AE4-FA6D-F8FE-6048-C6E5EA9CFBF2}.Debug|Any CPU.ActiveCfg = Debug|Any CPU
		{A0F44AE4-FA6D-F8FE-6048-C6E5EA9CFBF2}.Debug|Any CPU.Build.0 = Debug|Any CPU
		{A0F44AE4-FA6D-F8FE-6048-C6E5EA9CFBF2}.Release|Any CPU.ActiveCfg = Release|Any CPU
		{A0F44AE4-FA6D-F8FE-6048-C6E5EA9CFBF2}.Release|Any CPU.Build.0 = Release|Any CPU
		{3FAD1FA7-C868-47F5-5A71-88039DEE643E}.Debug|Any CPU.ActiveCfg = Debug|Any CPU
		{3FAD1FA7-C868-47F5-5A71-88039DEE643E}.Debug|Any CPU.Build.0 = Debug|Any CPU
		{3FAD1FA7-C868-47F5-5A71-88039DEE643E}.Release|Any CPU.ActiveCfg = Release|Any CPU
		{3FAD1FA7-C868-47F5-5A71-88039DEE643E}.Release|Any CPU.Build.0 = Release|Any CPU
		{9DBA8D6B-24A8-996C-6A98-69D4DB12570A}.Debug|Any CPU.ActiveCfg = Debug|Any CPU
		{9DBA8D6B-24A8-996C-6A98-69D4DB12570A}.Debug|Any CPU.Build.0 = Debug|Any CPU
		{9DBA8D6B-24A8-996C-6A98-69D4DB12570A}.Release|Any CPU.ActiveCfg = Release|Any CPU
		{9DBA8D6B-24A8-996C-6A98-69D4DB12570A}.Release|Any CPU.Build.0 = Release|Any CPU
		{BCDBA392-E72B-980D-B19C-4EC202306245}.Debug|Any CPU.ActiveCfg = Debug|Any CPU
		{BCDBA392-E72B-980D-B19C-4EC202306245}.Debug|Any CPU.Build.0 = Debug|Any CPU
		{BCDBA392-E72B-980D-B19C-4EC202306245}.Release|Any CPU.ActiveCfg = Release|Any CPU
		{BCDBA392-E72B-980D-B19C-4EC202306245}.Release|Any CPU.Build.0 = Release|Any CPU
		{F95D8FC8-6DC2-834D-7D9B-4A9BBF5867B3}.Debug|Any CPU.ActiveCfg = Debug|Any CPU
		{F95D8FC8-6DC2-834D-7D9B-4A9BBF5867B3}.Debug|Any CPU.Build.0 = Debug|Any CPU
		{F95D8FC8-6DC2-834D-7D9B-4A9BBF5867B3}.Release|Any CPU.ActiveCfg = Release|Any CPU
		{F95D8FC8-6DC2-834D-7D9B-4A9BBF5867B3}.Release|Any CPU.Build.0 = Release|Any CPU
		{2FFF49ED-225F-6C3D-99EA-BE01002C12C3}.Debug|Any CPU.ActiveCfg = Debug|Any CPU
		{2FFF49ED-225F-6C3D-99EA-BE01002C12C3}.Debug|Any CPU.Build.0 = Debug|Any CPU
		{2FFF49ED-225F-6C3D-99EA-BE01002C12C3}.Release|Any CPU.ActiveCfg = Release|Any CPU
		{2FFF49ED-225F-6C3D-99EA-BE01002C12C3}.Release|Any CPU.Build.0 = Release|Any CPU
		{E94AA47B-E625-588D-9C70-3740719D7091}.Debug|Any CPU.ActiveCfg = Debug|Any CPU
		{E94AA47B-E625-588D-9C70-3740719D7091}.Debug|Any CPU.Build.0 = Debug|Any CPU
		{E94AA47B-E625-588D-9C70-3740719D7091}.Release|Any CPU.ActiveCfg = Release|Any CPU
		{E94AA47B-E625-588D-9C70-3740719D7091}.Release|Any CPU.Build.0 = Release|Any CPU
		{144443E7-A802-1BB4-A94A-434D062F6342}.Debug|Any CPU.ActiveCfg = Debug|Any CPU
		{144443E7-A802-1BB4-A94A-434D062F6342}.Debug|Any CPU.Build.0 = Debug|Any CPU
		{144443E7-A802-1BB4-A94A-434D062F6342}.Release|Any CPU.ActiveCfg = Release|Any CPU
		{144443E7-A802-1BB4-A94A-434D062F6342}.Release|Any CPU.Build.0 = Release|Any CPU
		{1C0A64BA-9775-65F5-2A0F-955A5574455E}.Debug|Any CPU.ActiveCfg = Debug|Any CPU
		{1C0A64BA-9775-65F5-2A0F-955A5574455E}.Debug|Any CPU.Build.0 = Debug|Any CPU
		{1C0A64BA-9775-65F5-2A0F-955A5574455E}.Release|Any CPU.ActiveCfg = Release|Any CPU
		{1C0A64BA-9775-65F5-2A0F-955A5574455E}.Release|Any CPU.Build.0 = Release|Any CPU
		{B215CEA0-C02D-F013-FB99-7C250215777C}.Debug|Any CPU.ActiveCfg = Debug|Any CPU
		{B215CEA0-C02D-F013-FB99-7C250215777C}.Debug|Any CPU.Build.0 = Debug|Any CPU
		{B215CEA0-C02D-F013-FB99-7C250215777C}.Release|Any CPU.ActiveCfg = Release|Any CPU
		{B215CEA0-C02D-F013-FB99-7C250215777C}.Release|Any CPU.Build.0 = Release|Any CPU
		{069F2D4B-8C49-96A1-DF14-80DAE6D9C15C}.Debug|Any CPU.ActiveCfg = Debug|Any CPU
		{069F2D4B-8C49-96A1-DF14-80DAE6D9C15C}.Debug|Any CPU.Build.0 = Debug|Any CPU
		{069F2D4B-8C49-96A1-DF14-80DAE6D9C15C}.Release|Any CPU.ActiveCfg = Release|Any CPU
		{069F2D4B-8C49-96A1-DF14-80DAE6D9C15C}.Release|Any CPU.Build.0 = Release|Any CPU
		{EB94CB7C-9537-957B-5DF9-D33E84059A8A}.Debug|Any CPU.ActiveCfg = Debug|Any CPU
		{EB94CB7C-9537-957B-5DF9-D33E84059A8A}.Debug|Any CPU.Build.0 = Debug|Any CPU
		{EB94CB7C-9537-957B-5DF9-D33E84059A8A}.Release|Any CPU.ActiveCfg = Release|Any CPU
		{EB94CB7C-9537-957B-5DF9-D33E84059A8A}.Release|Any CPU.Build.0 = Release|Any CPU
		{102D73E7-A017-D5D1-E062-343342BC128E}.Debug|Any CPU.ActiveCfg = Debug|Any CPU
		{102D73E7-A017-D5D1-E062-343342BC128E}.Debug|Any CPU.Build.0 = Debug|Any CPU
		{102D73E7-A017-D5D1-E062-343342BC128E}.Release|Any CPU.ActiveCfg = Release|Any CPU
		{102D73E7-A017-D5D1-E062-343342BC128E}.Release|Any CPU.Build.0 = Release|Any CPU
		{F992C06F-FF20-8C6B-CBD4-2505ABD6F14E}.Debug|Any CPU.ActiveCfg = Debug|Any CPU
		{F992C06F-FF20-8C6B-CBD4-2505ABD6F14E}.Debug|Any CPU.Build.0 = Debug|Any CPU
		{F992C06F-FF20-8C6B-CBD4-2505ABD6F14E}.Release|Any CPU.ActiveCfg = Release|Any CPU
		{F992C06F-FF20-8C6B-CBD4-2505ABD6F14E}.Release|Any CPU.Build.0 = Release|Any CPU
		{AAC40C5F-66ED-3CFF-B338-171436619FE8}.Debug|Any CPU.ActiveCfg = Debug|Any CPU
		{AAC40C5F-66ED-3CFF-B338-171436619FE8}.Debug|Any CPU.Build.0 = Debug|Any CPU
		{AAC40C5F-66ED-3CFF-B338-171436619FE8}.Release|Any CPU.ActiveCfg = Release|Any CPU
		{AAC40C5F-66ED-3CFF-B338-171436619FE8}.Release|Any CPU.Build.0 = Release|Any CPU
		{BE62703B-61D9-C13A-8F84-99C72785CC8F}.Debug|Any CPU.ActiveCfg = Debug|Any CPU
		{BE62703B-61D9-C13A-8F84-99C72785CC8F}.Debug|Any CPU.Build.0 = Debug|Any CPU
		{BE62703B-61D9-C13A-8F84-99C72785CC8F}.Release|Any CPU.ActiveCfg = Release|Any CPU
		{BE62703B-61D9-C13A-8F84-99C72785CC8F}.Release|Any CPU.Build.0 = Release|Any CPU
		{013151FB-39B1-7E2E-49AB-363BDBD48015}.Debug|Any CPU.ActiveCfg = Debug|Any CPU
		{013151FB-39B1-7E2E-49AB-363BDBD48015}.Debug|Any CPU.Build.0 = Debug|Any CPU
		{013151FB-39B1-7E2E-49AB-363BDBD48015}.Release|Any CPU.ActiveCfg = Release|Any CPU
		{013151FB-39B1-7E2E-49AB-363BDBD48015}.Release|Any CPU.Build.0 = Release|Any CPU
		{398E505A-7B4E-6C93-E488-B923B8728925}.Debug|Any CPU.ActiveCfg = Debug|Any CPU
		{398E505A-7B4E-6C93-E488-B923B8728925}.Debug|Any CPU.Build.0 = Debug|Any CPU
		{398E505A-7B4E-6C93-E488-B923B8728925}.Release|Any CPU.ActiveCfg = Release|Any CPU
		{398E505A-7B4E-6C93-E488-B923B8728925}.Release|Any CPU.Build.0 = Release|Any CPU
		{32BF01CE-A82A-2719-701D-09405E77F208}.Debug|Any CPU.ActiveCfg = Debug|Any CPU
		{32BF01CE-A82A-2719-701D-09405E77F208}.Debug|Any CPU.Build.0 = Debug|Any CPU
		{32BF01CE-A82A-2719-701D-09405E77F208}.Release|Any CPU.ActiveCfg = Release|Any CPU
		{32BF01CE-A82A-2719-701D-09405E77F208}.Release|Any CPU.Build.0 = Release|Any CPU
		{9AC88AC0-B8FF-001D-AC48-9A256D629B23}.Debug|Any CPU.ActiveCfg = Debug|Any CPU
		{9AC88AC0-B8FF-001D-AC48-9A256D629B23}.Debug|Any CPU.Build.0 = Debug|Any CPU
		{9AC88AC0-B8FF-001D-AC48-9A256D629B23}.Release|Any CPU.ActiveCfg = Release|Any CPU
		{9AC88AC0-B8FF-001D-AC48-9A256D629B23}.Release|Any CPU.Build.0 = Release|Any CPU
		{F16F3684-8920-D980-4A69-BF0FC8DBE77E}.Debug|Any CPU.ActiveCfg = Debug|Any CPU
		{F16F3684-8920-D980-4A69-BF0FC8DBE77E}.Debug|Any CPU.Build.0 = Debug|Any CPU
		{F16F3684-8920-D980-4A69-BF0FC8DBE77E}.Release|Any CPU.ActiveCfg = Release|Any CPU
		{F16F3684-8920-D980-4A69-BF0FC8DBE77E}.Release|Any CPU.Build.0 = Release|Any CPU
		{09BAB4D7-5C8D-9A06-A63E-42DFFCECC7E1}.Debug|Any CPU.ActiveCfg = Debug|Any CPU
		{09BAB4D7-5C8D-9A06-A63E-42DFFCECC7E1}.Debug|Any CPU.Build.0 = Debug|Any CPU
		{09BAB4D7-5C8D-9A06-A63E-42DFFCECC7E1}.Release|Any CPU.ActiveCfg = Release|Any CPU
		{09BAB4D7-5C8D-9A06-A63E-42DFFCECC7E1}.Release|Any CPU.Build.0 = Release|Any CPU
		{8E22C2C1-DC1F-6AEC-3908-3D59D56F3ED0}.Debug|Any CPU.ActiveCfg = Debug|Any CPU
		{8E22C2C1-DC1F-6AEC-3908-3D59D56F3ED0}.Debug|Any CPU.Build.0 = Debug|Any CPU
		{8E22C2C1-DC1F-6AEC-3908-3D59D56F3ED0}.Release|Any CPU.ActiveCfg = Release|Any CPU
		{8E22C2C1-DC1F-6AEC-3908-3D59D56F3ED0}.Release|Any CPU.Build.0 = Release|Any CPU
		{6905ECB5-99F0-EC66-5E84-5A5EB7818C8F}.Debug|Any CPU.ActiveCfg = Debug|Any CPU
		{6905ECB5-99F0-EC66-5E84-5A5EB7818C8F}.Debug|Any CPU.Build.0 = Debug|Any CPU
		{6905ECB5-99F0-EC66-5E84-5A5EB7818C8F}.Release|Any CPU.ActiveCfg = Release|Any CPU
		{6905ECB5-99F0-EC66-5E84-5A5EB7818C8F}.Release|Any CPU.Build.0 = Release|Any CPU
		{BA18EE9B-A015-5742-C492-14B6FE8FED63}.Debug|Any CPU.ActiveCfg = Debug|Any CPU
		{BA18EE9B-A015-5742-C492-14B6FE8FED63}.Debug|Any CPU.Build.0 = Debug|Any CPU
		{BA18EE9B-A015-5742-C492-14B6FE8FED63}.Release|Any CPU.ActiveCfg = Release|Any CPU
		{BA18EE9B-A015-5742-C492-14B6FE8FED63}.Release|Any CPU.Build.0 = Release|Any CPU
		{762682DB-3D17-8B3E-9A9E-902FD6952D33}.Debug|Any CPU.ActiveCfg = Debug|Any CPU
		{762682DB-3D17-8B3E-9A9E-902FD6952D33}.Debug|Any CPU.Build.0 = Debug|Any CPU
		{762682DB-3D17-8B3E-9A9E-902FD6952D33}.Release|Any CPU.ActiveCfg = Release|Any CPU
		{762682DB-3D17-8B3E-9A9E-902FD6952D33}.Release|Any CPU.Build.0 = Release|Any CPU
		{808BA8C0-BF8B-FADF-0377-445133EBA8AE}.Debug|Any CPU.ActiveCfg = Debug|Any CPU
		{808BA8C0-BF8B-FADF-0377-445133EBA8AE}.Debug|Any CPU.Build.0 = Debug|Any CPU
		{808BA8C0-BF8B-FADF-0377-445133EBA8AE}.Release|Any CPU.ActiveCfg = Release|Any CPU
		{808BA8C0-BF8B-FADF-0377-445133EBA8AE}.Release|Any CPU.Build.0 = Release|Any CPU
		{DEDDD3F0-B454-7DC3-898E-2967EECFDC29}.Debug|Any CPU.ActiveCfg = Debug|Any CPU
		{DEDDD3F0-B454-7DC3-898E-2967EECFDC29}.Debug|Any CPU.Build.0 = Debug|Any CPU
		{DEDDD3F0-B454-7DC3-898E-2967EECFDC29}.Release|Any CPU.ActiveCfg = Release|Any CPU
		{DEDDD3F0-B454-7DC3-898E-2967EECFDC29}.Release|Any CPU.Build.0 = Release|Any CPU
		{EFC6C86D-5496-00AD-49C5-AF48FF80FF4C}.Debug|Any CPU.ActiveCfg = Debug|Any CPU
		{EFC6C86D-5496-00AD-49C5-AF48FF80FF4C}.Debug|Any CPU.Build.0 = Debug|Any CPU
		{EFC6C86D-5496-00AD-49C5-AF48FF80FF4C}.Release|Any CPU.ActiveCfg = Release|Any CPU
		{EFC6C86D-5496-00AD-49C5-AF48FF80FF4C}.Release|Any CPU.Build.0 = Release|Any CPU
	EndGlobalSection
	GlobalSection(SolutionProperties) = preSolution
		HideSolutionNode = FALSE
	EndGlobalSection
EndGlobal
