
Microsoft Visual Studio Solution File, Format Version 11.00
# Visual Studio 2010
Project("{FAE04EC0-301F-11D3-BF4B-00C04F79EFBC}") = "UnityEngine.UI", "UnityEngine.UI.csproj", "{a72cac03-01af-34fe-84b6-7ce92cf47147}"
EndProject
Project("{FAE04EC0-301F-11D3-BF4B-00C04F79EFBC}") = "FishNet.Generated", "FishNet.Generated.csproj", "{9b68fe56-0cf1-d671-64b0-d3e11bff743b}"
EndProject
Project("{FAE04EC0-301F-11D3-BF4B-00C04F79EFBC}") = "UnityEngine.TestRunner", "UnityEngine.TestRunner.csproj", "{f9bfb101-ebf8-da01-b770-0788e04f46bd}"
EndProject
Project("{FAE04EC0-301F-11D3-BF4B-00C04F79EFBC}") = "FishNet.Runtime", "FishNet.Runtime.csproj", "{a525a3f7-085b-5408-c420-acc1e21dbf52}"
EndProject
Project("{FAE04EC0-301F-11D3-BF4B-00C04F79EFBC}") = "Unity.VisualScripting.Flow", "Unity.VisualScripting.Flow.csproj", "{583450a6-1abc-3efc-de9f-320cb2945529}"
EndProject
Project("{FAE04EC0-301F-11D3-BF4B-00C04F79EFBC}") = "Assembly-CSharp", "Assembly-CSharp.csproj", "{e6bdc332-25e1-2831-82c1-25d0441455a3}"
EndProject
Project("{FAE04EC0-301F-11D3-BF4B-00C04F79EFBC}") = "Unity.Mathematics", "Unity.Mathematics.csproj", "{55d9e1f3-ec3a-089b-ae6d-867dca9df752}"
EndProject
Project("{FAE04EC0-301F-11D3-BF4B-00C04F79EFBC}") = "Unity.Services.Core.Telemetry", "Unity.Services.Core.Telemetry.csproj", "{4792ee7f-4aff-8a78-5f09-65c6e8e9e102}"
EndProject
Project("{FAE04EC0-301F-11D3-BF4B-00C04F79EFBC}") = "Unity.VisualScripting.State", "Unity.VisualScripting.State.csproj", "{72fbebd9-7559-2508-d3cd-8d7e30a025a5}"
EndProject
Project("{FAE04EC0-301F-11D3-BF4B-00C04F79EFBC}") = "FishNet.Example", "FishNet.Example.csproj", "{a1879bbf-3e15-0a40-7ce3-f95be1e444fa}"
EndProject
Project("{FAE04EC0-301F-11D3-BF4B-00C04F79EFBC}") = "Unity.VisualScripting.Core", "Unity.VisualScripting.Core.csproj", "{35e318f7-aa6a-41c9-ffd7-657246beb012}"
EndProject
Project("{FAE04EC0-301F-11D3-BF4B-00C04F79EFBC}") = "Unity.Services.Core.Environments.Internal", "Unity.Services.Core.Environments.Internal.csproj", "{9f2202c8-bc3e-210f-1e20-33f285e8731a}"
EndProject
Project("{FAE04EC0-301F-11D3-BF4B-00C04F79EFBC}") = "Unity.Burst", "Unity.Burst.csproj", "{1dbf8b76-13ec-58b2-0c08-0f6608410401}"
EndProject
Project("{FAE04EC0-301F-11D3-BF4B-00C04F79EFBC}") = "Unity.TextMeshPro", "Unity.TextMeshPro.csproj", "{f2ab7533-b5bc-3fbc-d583-0fe77c66c37c}"
EndProject
Project("{FAE04EC0-301F-11D3-BF4B-00C04F79EFBC}") = "Unity.Timeline", "Unity.Timeline.csproj", "{abcf71aa-0e42-67e8-0666-4f0f82b56279}"
EndProject
Project("{FAE04EC0-301F-11D3-BF4B-00C04F79EFBC}") = "Unity.Collections", "Unity.Collections.csproj", "{940cbcb7-89de-99fa-96bb-1ea80f988fa5}"
EndProject
Project("{FAE04EC0-301F-11D3-BF4B-00C04F79EFBC}") = "Unisave", "Unisave.csproj", "{2aec700c-5a89-9588-5c20-3df78f1b465b}"
EndProject
Project("{FAE04EC0-301F-11D3-BF4B-00C04F79EFBC}") = "Unity.Services.Core", "Unity.Services.Core.csproj", "{9263f165-9c67-535b-9435-f12308680a68}"
EndProject
Project("{FAE04EC0-301F-11D3-BF4B-00C04F79EFBC}") = "Unity.Services.Core.Environments", "Unity.Services.Core.Environments.csproj", "{018c4f60-a1cd-6589-857c-96f4a6f5499b}"
EndProject
Project("{FAE04EC0-301F-11D3-BF4B-00C04F79EFBC}") = "Unity.Services.Core.Internal", "Unity.Services.Core.Internal.csproj", "{b9ff597c-0c3d-b7a5-0c28-e147c976dbd0}"
EndProject
Project("{FAE04EC0-301F-11D3-BF4B-00C04F79EFBC}") = "Unity.Services.Core.Analytics", "Unity.Services.Core.Analytics.csproj", "{9b31df8f-8ab6-228e-c7ea-ec61413f3a65}"
EndProject
Project("{FAE04EC0-301F-11D3-BF4B-00C04F79EFBC}") = "Unity.Services.Core.Scheduler", "Unity.Services.Core.Scheduler.csproj", "{82c41fee-ebe4-2f2b-ff41-3dc8ad73dd95}"
EndProject
Project("{FAE04EC0-301F-11D3-BF4B-00C04F79EFBC}") = "Unity.Services.Core.Registration", "Unity.Services.Core.Registration.csproj", "{0ecd6f39-f621-fc6e-082d-8e5324c0a439}"
EndProject
Project("{FAE04EC0-301F-11D3-BF4B-00C04F79EFBC}") = "FishNet.Plugins.ColliderRollback.Generated", "FishNet.Plugins.ColliderRollback.Generated.csproj", "{87b38469-3bdf-8ee3-4123-8b1cd2fc7d44}"
EndProject
Project("{FAE04EC0-301F-11D3-BF4B-00C04F79EFBC}") = "Unity.Services.Core.Device", "Unity.Services.Core.Device.csproj", "{34a95bdc-0af6-fac0-77b2-2bbdd9da34a9}"
EndProject
Project("{FAE04EC0-301F-11D3-BF4B-00C04F79EFBC}") = "Unity.Services.Core.Threading", "Unity.Services.Core.Threading.csproj", "{95d265d2-c2ba-80dd-8b14-34124a5862c0}"
EndProject
Project("{FAE04EC0-301F-11D3-BF4B-00C04F79EFBC}") = "Unisave.Testing", "Unisave.Testing.csproj", "{557a895a-1750-098b-01fe-6f0b669e8342}"
EndProject
Project("{FAE04EC0-301F-11D3-BF4B-00C04F79EFBC}") = "Unity.Services.Core.Networking", "Unity.Services.Core.Networking.csproj", "{6174efcc-9041-9b5a-da6b-4b7296246754}"
EndProject
Project("{FAE04EC0-301F-11D3-BF4B-00C04F79EFBC}") = "Unity.Services.Core.Configuration", "Unity.Services.Core.Configuration.csproj", "{4aea5753-e53a-8337-39ba-a31751a90b8d}"
EndProject
Project("{FAE04EC0-301F-11D3-BF4B-00C04F79EFBC}") = "Unity.Jobs", "Unity.Jobs.csproj", "{9f46340e-4527-3fb6-7751-4620e43f551c}"
EndProject
Project("{FAE04EC0-301F-11D3-BF4B-00C04F79EFBC}") = "Unity.PlasticSCM.Editor", "Unity.PlasticSCM.Editor.csproj", "{686a1bd9-51cc-dfee-eecd-a582294ed2e9}"
EndProject
Project("{FAE04EC0-301F-11D3-BF4B-00C04F79EFBC}") = "Unity.VisualScripting.Core.Editor", "Unity.VisualScripting.Core.Editor.csproj", "{1224facf-e9ce-f525-3a2b-b0c3d2f7dc7f}"
EndProject
Project("{FAE04EC0-301F-11D3-BF4B-00C04F79EFBC}") = "Unity.VisualScripting.Flow.Editor", "Unity.VisualScripting.Flow.Editor.csproj", "{fac763de-b880-7fdb-e94c-ba0e451813f2}"
EndProject
Project("{FAE04EC0-301F-11D3-BF4B-00C04F79EFBC}") = "Unity.VisualStudio.Editor", "Unity.VisualStudio.Editor.csproj", "{350f25a5-1813-4425-dd4c-5c2fc4147c97}"
EndProject
Project("{FAE04EC0-301F-11D3-BF4B-00C04F79EFBC}") = "Unity.Timeline.Editor", "Unity.Timeline.Editor.csproj", "{434cc59d-d150-eb95-bb01-5c3160e083a4}"
EndProject
Project("{FAE04EC0-301F-11D3-BF4B-00C04F79EFBC}") = "Unity.VisualScripting.State.Editor", "Unity.VisualScripting.State.Editor.csproj", "{e1abc7b8-f3df-787e-6da7-9df123fe4ec8}"
EndProject
Project("{FAE04EC0-301F-11D3-BF4B-00C04F79EFBC}") = "Unity.TextMeshPro.Editor", "Unity.TextMeshPro.Editor.csproj", "{560701ab-18d9-42ea-906f-0fd15891eda7}"
EndProject
Project("{FAE04EC0-301F-11D3-BF4B-00C04F79EFBC}") = "Unity.VisualScripting.SettingsProvider.Editor", "Unity.VisualScripting.SettingsProvider.Editor.csproj", "{6e84eca5-95bd-1267-4f58-3a4ed63ffc9e}"
EndProject
Project("{FAE04EC0-301F-11D3-BF4B-00C04F79EFBC}") = "Unity.CollabProxy.Editor", "Unity.CollabProxy.Editor.csproj", "{ab607c16-6dab-ed7e-beb2-efa64d7c53b6}"
EndProject
Project("{FAE04EC0-301F-11D3-BF4B-00C04F79EFBC}") = "UnityEditor.TestRunner", "UnityEditor.TestRunner.csproj", "{907504a3-bb38-b1cc-c01d-c771027f8920}"
EndProject
Project("{FAE04EC0-301F-11D3-BF4B-00C04F79EFBC}") = "Unity.TestTools.CodeCoverage.Editor", "Unity.TestTools.CodeCoverage.Editor.csproj", "{77466290-9658-f1ce-34bc-ad6770a4f265}"
EndProject
Project("{FAE04EC0-301F-11D3-BF4B-00C04F79EFBC}") = "Unity.Services.Core.Editor", "Unity.Services.Core.Editor.csproj", "{1abb85fb-a775-7ba1-ab84-2bd94e550d1d}"
EndProject
Project("{FAE04EC0-301F-11D3-BF4B-00C04F79EFBC}") = "Unity.Rider.Editor", "Unity.Rider.Editor.csproj", "{8985169b-5633-b501-b9f7-335c1615cd9e}"
EndProject
Project("{FAE04EC0-301F-11D3-BF4B-00C04F79EFBC}") = "FishNet.Codegen.Cecil", "FishNet.Codegen.Cecil.csproj", "{e375ef6c-3b0f-25bd-9b87-f7685e7315b6}"
EndProject
Project("{FAE04EC0-301F-11D3-BF4B-00C04F79EFBC}") = "Unity.FishNet.Codegen", "Unity.FishNet.Codegen.csproj", "{392f4b35-2cbc-215f-5815-1ef6c750dd40}"
EndProject
Project("{FAE04EC0-301F-11D3-BF4B-00C04F79EFBC}") = "Unity.Performance.Profile-Analyzer.Editor", "Unity.Performance.Profile-Analyzer.Editor.csproj", "{ef1c503b-7f06-7ab9-d5be-2256a865abe2}"
EndProject
Project("{FAE04EC0-301F-11D3-BF4B-00C04F79EFBC}") = "Unisave.Editor", "Unisave.Editor.csproj", "{65668e95-edbe-88a2-95d5-084ce56695ce}"
EndProject
Project("{FAE04EC0-301F-11D3-BF4B-00C04F79EFBC}") = "Assembly-CSharp-Editor", "Assembly-CSharp-Editor.csproj", "{0910a9e8-8671-82a3-4fe4-3c21ba335f00}"
EndProject
Project("{FAE04EC0-301F-11D3-BF4B-00C04F79EFBC}") = "Unity.SysrootPackage.Editor", "Unity.SysrootPackage.Editor.csproj", "{d13cdbc8-90a6-4ff3-ec27-bdf7923d17d2}"
EndProject
Project("{FAE04EC0-301F-11D3-BF4B-00C04F79EFBC}") = "Unity.Collections.Editor", "Unity.Collections.Editor.csproj", "{3027e963-54ef-eb26-8736-03a962d8fe11}"
EndProject
Project("{FAE04EC0-301F-11D3-BF4B-00C04F79EFBC}") = "Unity.Burst.CodeGen", "Unity.Burst.CodeGen.csproj", "{e55fc53d-cdcf-e770-eab0-658003f17157}"
EndProject
Project("{FAE04EC0-301F-11D3-BF4B-00C04F79EFBC}") = "Unity.VSCode.Editor", "Unity.VSCode.Editor.csproj", "{5f75d486-ec5c-b49b-cff1-41db8cad4a63}"
EndProject
Project("{FAE04EC0-301F-11D3-BF4B-00C04F79EFBC}") = "Unity.Toolchain.Win-x86_64-Linux-x86_64", "Unity.Toolchain.Win-x86_64-Linux-x86_64.csproj", "{94deb758-6e1b-b5c3-4f56-0132f6d0c629}"
EndProject
Project("{FAE04EC0-301F-11D3-BF4B-00C04F79EFBC}") = "UnityEditor.UI", "UnityEditor.UI.csproj", "{6a017c06-df9b-ce7d-2e59-c851bcb7cd88}"
EndProject
Project("{FAE04EC0-301F-11D3-BF4B-00C04F79EFBC}") = "Unity.Collections.DocCodeSamples", "Unity.Collections.DocCodeSamples.csproj", "{ee3b7044-ed0c-c9c3-bb5b-04ee12a2b534}"
EndProject
Project("{FAE04EC0-301F-11D3-BF4B-00C04F79EFBC}") = "Unity.TestTools.CodeCoverage.Editor.OpenCover.Model", "Unity.TestTools.CodeCoverage.Editor.OpenCover.Model.csproj", "{a270ad82-fb8c-c521-e084-5e716f4181a8}"
EndProject
Project("{FAE04EC0-301F-11D3-BF4B-00C04F79EFBC}") = "Unity.EditorCoroutines.Editor", "Unity.EditorCoroutines.Editor.csproj", "{78f99a1c-2ac6-ae1e-5ade-70846941a314}"
EndProject
Project("{FAE04EC0-301F-11D3-BF4B-00C04F79EFBC}") = "Unity.Settings.Editor", "Unity.Settings.Editor.csproj", "{d09a617d-c32e-d617-7a49-94eb6392d914}"
EndProject
Project("{FAE04EC0-301F-11D3-BF4B-00C04F79EFBC}") = "Unity.Mathematics.Editor", "Unity.Mathematics.Editor.csproj", "{2ccc6f54-1c38-8b6d-e6b6-4b7dad5bbd36}"
EndProject
Project("{FAE04EC0-301F-11D3-BF4B-00C04F79EFBC}") = "Unity.Services.Core.Configuration.Editor", "Unity.Services.Core.Configuration.Editor.csproj", "{a5ec6a54-0231-86a2-460f-52ced744d74d}"
EndProject
Project("{FAE04EC0-301F-11D3-BF4B-00C04F79EFBC}") = "Unity.Collections.CodeGen", "Unity.Collections.CodeGen.csproj", "{59f4d66d-27a8-7d7c-8df9-37bba8cfe417}"
EndProject
Project("{FAE04EC0-301F-11D3-BF4B-00C04F79EFBC}") = "Unity.Burst.Editor", "Unity.Burst.Editor.csproj", "{3a783a4d-d8d5-c827-58db-aced6840c5dc}"
EndProject
Project("{FAE04EC0-301F-11D3-BF4B-00C04F79EFBC}") = "Unity.TestTools.CodeCoverage.Editor.OpenCover.Mono.Reflection", "Unity.TestTools.CodeCoverage.Editor.OpenCover.Mono.Reflection.csproj", "{1e06eadc-e23c-5edc-a344-d1924cb80b9b}"
EndProject
Project("{FAE04EC0-301F-11D3-BF4B-00C04F79EFBC}") = "Unity.Sysroot.Linux_x86_64", "Unity.Sysroot.Linux_x86_64.csproj", "{7a9d45da-5250-9909-6b04-b8f269353979}"
EndProject
Project("{FAE04EC0-301F-11D3-BF4B-00C04F79EFBC}") = "Unity.VisualScripting.Shared.Editor", "Unity.VisualScripting.Shared.Editor.csproj", "{dcc4d02c-9196-7064-4892-0f053fcee9a0}"
EndProject
Project("{FAE04EC0-301F-11D3-BF4B-00C04F79EFBC}") = "Unity.Collections.BurstCompatibilityGen", "Unity.Collections.BurstCompatibilityGen.csproj", "{aeadf7b0-819a-f4c7-02a8-db4d1f523133}"
EndProject
Project("{FAE04EC0-301F-11D3-BF4B-00C04F79EFBC}") = "Sirenix.OdinInspector.Modules.UnityMathematics", "Sirenix.OdinInspector.Modules.UnityMathematics.csproj", "{a50ef6a0-dc1d-4ac1-3a13-253e411200ee}"
EndProject
Project("{FAE04EC0-301F-11D3-BF4B-00C04F79EFBC}") = "Unity.Jobs.CodeGen", "Unity.Jobs.CodeGen.csproj", "{77fa164d-7e68-d3ff-65e5-f6688ff5b88d}"
EndProject
Global
	GlobalSection(SolutionConfigurationPlatforms) = preSolution
		Debug|Any CPU = Debug|Any CPU
	EndGlobalSection
	GlobalSection(ProjectConfigurationPlatforms) = postSolution
		{a72cac03-01af-34fe-84b6-7ce92cf47147}.Debug|Any CPU.ActiveCfg = Debug|Any CPU
		{a72cac03-01af-34fe-84b6-7ce92cf47147}.Debug|Any CPU.Build.0 = Debug|Any CPU
		{9b68fe56-0cf1-d671-64b0-d3e11bff743b}.Debug|Any CPU.ActiveCfg = Debug|Any CPU
		{9b68fe56-0cf1-d671-64b0-d3e11bff743b}.Debug|Any CPU.Build.0 = Debug|Any CPU
		{f9bfb101-ebf8-da01-b770-0788e04f46bd}.Debug|Any CPU.ActiveCfg = Debug|Any CPU
		{f9bfb101-ebf8-da01-b770-0788e04f46bd}.Debug|Any CPU.Build.0 = Debug|Any CPU
		{a525a3f7-085b-5408-c420-acc1e21dbf52}.Debug|Any CPU.ActiveCfg = Debug|Any CPU
		{a525a3f7-085b-5408-c420-acc1e21dbf52}.Debug|Any CPU.Build.0 = Debug|Any CPU
		{583450a6-1abc-3efc-de9f-320cb2945529}.Debug|Any CPU.ActiveCfg = Debug|Any CPU
		{583450a6-1abc-3efc-de9f-320cb2945529}.Debug|Any CPU.Build.0 = Debug|Any CPU
		{e6bdc332-25e1-2831-82c1-25d0441455a3}.Debug|Any CPU.ActiveCfg = Debug|Any CPU
		{e6bdc332-25e1-2831-82c1-25d0441455a3}.Debug|Any CPU.Build.0 = Debug|Any CPU
		{55d9e1f3-ec3a-089b-ae6d-867dca9df752}.Debug|Any CPU.ActiveCfg = Debug|Any CPU
		{55d9e1f3-ec3a-089b-ae6d-867dca9df752}.Debug|Any CPU.Build.0 = Debug|Any CPU
		{4792ee7f-4aff-8a78-5f09-65c6e8e9e102}.Debug|Any CPU.ActiveCfg = Debug|Any CPU
		{4792ee7f-4aff-8a78-5f09-65c6e8e9e102}.Debug|Any CPU.Build.0 = Debug|Any CPU
		{72fbebd9-7559-2508-d3cd-8d7e30a025a5}.Debug|Any CPU.ActiveCfg = Debug|Any CPU
		{72fbebd9-7559-2508-d3cd-8d7e30a025a5}.Debug|Any CPU.Build.0 = Debug|Any CPU
		{a1879bbf-3e15-0a40-7ce3-f95be1e444fa}.Debug|Any CPU.ActiveCfg = Debug|Any CPU
		{a1879bbf-3e15-0a40-7ce3-f95be1e444fa}.Debug|Any CPU.Build.0 = Debug|Any CPU
		{35e318f7-aa6a-41c9-ffd7-657246beb012}.Debug|Any CPU.ActiveCfg = Debug|Any CPU
		{35e318f7-aa6a-41c9-ffd7-657246beb012}.Debug|Any CPU.Build.0 = Debug|Any CPU
		{9f2202c8-bc3e-210f-1e20-33f285e8731a}.Debug|Any CPU.ActiveCfg = Debug|Any CPU
		{9f2202c8-bc3e-210f-1e20-33f285e8731a}.Debug|Any CPU.Build.0 = Debug|Any CPU
		{1dbf8b76-13ec-58b2-0c08-0f6608410401}.Debug|Any CPU.ActiveCfg = Debug|Any CPU
		{1dbf8b76-13ec-58b2-0c08-0f6608410401}.Debug|Any CPU.Build.0 = Debug|Any CPU
		{f2ab7533-b5bc-3fbc-d583-0fe77c66c37c}.Debug|Any CPU.ActiveCfg = Debug|Any CPU
		{f2ab7533-b5bc-3fbc-d583-0fe77c66c37c}.Debug|Any CPU.Build.0 = Debug|Any CPU
		{abcf71aa-0e42-67e8-0666-4f0f82b56279}.Debug|Any CPU.ActiveCfg = Debug|Any CPU
		{abcf71aa-0e42-67e8-0666-4f0f82b56279}.Debug|Any CPU.Build.0 = Debug|Any CPU
		{940cbcb7-89de-99fa-96bb-1ea80f988fa5}.Debug|Any CPU.ActiveCfg = Debug|Any CPU
		{940cbcb7-89de-99fa-96bb-1ea80f988fa5}.Debug|Any CPU.Build.0 = Debug|Any CPU
		{2aec700c-5a89-9588-5c20-3df78f1b465b}.Debug|Any CPU.ActiveCfg = Debug|Any CPU
		{2aec700c-5a89-9588-5c20-3df78f1b465b}.Debug|Any CPU.Build.0 = Debug|Any CPU
		{9263f165-9c67-535b-9435-f12308680a68}.Debug|Any CPU.ActiveCfg = Debug|Any CPU
		{9263f165-9c67-535b-9435-f12308680a68}.Debug|Any CPU.Build.0 = Debug|Any CPU
		{018c4f60-a1cd-6589-857c-96f4a6f5499b}.Debug|Any CPU.ActiveCfg = Debug|Any CPU
		{018c4f60-a1cd-6589-857c-96f4a6f5499b}.Debug|Any CPU.Build.0 = Debug|Any CPU
		{b9ff597c-0c3d-b7a5-0c28-e147c976dbd0}.Debug|Any CPU.ActiveCfg = Debug|Any CPU
		{b9ff597c-0c3d-b7a5-0c28-e147c976dbd0}.Debug|Any CPU.Build.0 = Debug|Any CPU
		{9b31df8f-8ab6-228e-c7ea-ec61413f3a65}.Debug|Any CPU.ActiveCfg = Debug|Any CPU
		{9b31df8f-8ab6-228e-c7ea-ec61413f3a65}.Debug|Any CPU.Build.0 = Debug|Any CPU
		{82c41fee-ebe4-2f2b-ff41-3dc8ad73dd95}.Debug|Any CPU.ActiveCfg = Debug|Any CPU
		{82c41fee-ebe4-2f2b-ff41-3dc8ad73dd95}.Debug|Any CPU.Build.0 = Debug|Any CPU
		{0ecd6f39-f621-fc6e-082d-8e5324c0a439}.Debug|Any CPU.ActiveCfg = Debug|Any CPU
		{0ecd6f39-f621-fc6e-082d-8e5324c0a439}.Debug|Any CPU.Build.0 = Debug|Any CPU
		{87b38469-3bdf-8ee3-4123-8b1cd2fc7d44}.Debug|Any CPU.ActiveCfg = Debug|Any CPU
		{87b38469-3bdf-8ee3-4123-8b1cd2fc7d44}.Debug|Any CPU.Build.0 = Debug|Any CPU
		{34a95bdc-0af6-fac0-77b2-2bbdd9da34a9}.Debug|Any CPU.ActiveCfg = Debug|Any CPU
		{34a95bdc-0af6-fac0-77b2-2bbdd9da34a9}.Debug|Any CPU.Build.0 = Debug|Any CPU
		{95d265d2-c2ba-80dd-8b14-34124a5862c0}.Debug|Any CPU.ActiveCfg = Debug|Any CPU
		{95d265d2-c2ba-80dd-8b14-34124a5862c0}.Debug|Any CPU.Build.0 = Debug|Any CPU
		{557a895a-1750-098b-01fe-6f0b669e8342}.Debug|Any CPU.ActiveCfg = Debug|Any CPU
		{557a895a-1750-098b-01fe-6f0b669e8342}.Debug|Any CPU.Build.0 = Debug|Any CPU
		{6174efcc-9041-9b5a-da6b-4b7296246754}.Debug|Any CPU.ActiveCfg = Debug|Any CPU
		{6174efcc-9041-9b5a-da6b-4b7296246754}.Debug|Any CPU.Build.0 = Debug|Any CPU
		{4aea5753-e53a-8337-39ba-a31751a90b8d}.Debug|Any CPU.ActiveCfg = Debug|Any CPU
		{4aea5753-e53a-8337-39ba-a31751a90b8d}.Debug|Any CPU.Build.0 = Debug|Any CPU
		{9f46340e-4527-3fb6-7751-4620e43f551c}.Debug|Any CPU.ActiveCfg = Debug|Any CPU
		{9f46340e-4527-3fb6-7751-4620e43f551c}.Debug|Any CPU.Build.0 = Debug|Any CPU
		{686a1bd9-51cc-dfee-eecd-a582294ed2e9}.Debug|Any CPU.ActiveCfg = Debug|Any CPU
		{686a1bd9-51cc-dfee-eecd-a582294ed2e9}.Debug|Any CPU.Build.0 = Debug|Any CPU
		{1224facf-e9ce-f525-3a2b-b0c3d2f7dc7f}.Debug|Any CPU.ActiveCfg = Debug|Any CPU
		{1224facf-e9ce-f525-3a2b-b0c3d2f7dc7f}.Debug|Any CPU.Build.0 = Debug|Any CPU
		{fac763de-b880-7fdb-e94c-ba0e451813f2}.Debug|Any CPU.ActiveCfg = Debug|Any CPU
		{fac763de-b880-7fdb-e94c-ba0e451813f2}.Debug|Any CPU.Build.0 = Debug|Any CPU
		{350f25a5-1813-4425-dd4c-5c2fc4147c97}.Debug|Any CPU.ActiveCfg = Debug|Any CPU
		{350f25a5-1813-4425-dd4c-5c2fc4147c97}.Debug|Any CPU.Build.0 = Debug|Any CPU
		{434cc59d-d150-eb95-bb01-5c3160e083a4}.Debug|Any CPU.ActiveCfg = Debug|Any CPU
		{434cc59d-d150-eb95-bb01-5c3160e083a4}.Debug|Any CPU.Build.0 = Debug|Any CPU
		{e1abc7b8-f3df-787e-6da7-9df123fe4ec8}.Debug|Any CPU.ActiveCfg = Debug|Any CPU
		{e1abc7b8-f3df-787e-6da7-9df123fe4ec8}.Debug|Any CPU.Build.0 = Debug|Any CPU
		{560701ab-18d9-42ea-906f-0fd15891eda7}.Debug|Any CPU.ActiveCfg = Debug|Any CPU
		{560701ab-18d9-42ea-906f-0fd15891eda7}.Debug|Any CPU.Build.0 = Debug|Any CPU
		{6e84eca5-95bd-1267-4f58-3a4ed63ffc9e}.Debug|Any CPU.ActiveCfg = Debug|Any CPU
		{6e84eca5-95bd-1267-4f58-3a4ed63ffc9e}.Debug|Any CPU.Build.0 = Debug|Any CPU
		{ab607c16-6dab-ed7e-beb2-efa64d7c53b6}.Debug|Any CPU.ActiveCfg = Debug|Any CPU
		{ab607c16-6dab-ed7e-beb2-efa64d7c53b6}.Debug|Any CPU.Build.0 = Debug|Any CPU
		{907504a3-bb38-b1cc-c01d-c771027f8920}.Debug|Any CPU.ActiveCfg = Debug|Any CPU
		{907504a3-bb38-b1cc-c01d-c771027f8920}.Debug|Any CPU.Build.0 = Debug|Any CPU
		{77466290-9658-f1ce-34bc-ad6770a4f265}.Debug|Any CPU.ActiveCfg = Debug|Any CPU
		{77466290-9658-f1ce-34bc-ad6770a4f265}.Debug|Any CPU.Build.0 = Debug|Any CPU
		{1abb85fb-a775-7ba1-ab84-2bd94e550d1d}.Debug|Any CPU.ActiveCfg = Debug|Any CPU
		{1abb85fb-a775-7ba1-ab84-2bd94e550d1d}.Debug|Any CPU.Build.0 = Debug|Any CPU
		{8985169b-5633-b501-b9f7-335c1615cd9e}.Debug|Any CPU.ActiveCfg = Debug|Any CPU
		{8985169b-5633-b501-b9f7-335c1615cd9e}.Debug|Any CPU.Build.0 = Debug|Any CPU
		{e375ef6c-3b0f-25bd-9b87-f7685e7315b6}.Debug|Any CPU.ActiveCfg = Debug|Any CPU
		{e375ef6c-3b0f-25bd-9b87-f7685e7315b6}.Debug|Any CPU.Build.0 = Debug|Any CPU
		{392f4b35-2cbc-215f-5815-1ef6c750dd40}.Debug|Any CPU.ActiveCfg = Debug|Any CPU
		{392f4b35-2cbc-215f-5815-1ef6c750dd40}.Debug|Any CPU.Build.0 = Debug|Any CPU
		{ef1c503b-7f06-7ab9-d5be-2256a865abe2}.Debug|Any CPU.ActiveCfg = Debug|Any CPU
		{ef1c503b-7f06-7ab9-d5be-2256a865abe2}.Debug|Any CPU.Build.0 = Debug|Any CPU
		{65668e95-edbe-88a2-95d5-084ce56695ce}.Debug|Any CPU.ActiveCfg = Debug|Any CPU
		{65668e95-edbe-88a2-95d5-084ce56695ce}.Debug|Any CPU.Build.0 = Debug|Any CPU
		{0910a9e8-8671-82a3-4fe4-3c21ba335f00}.Debug|Any CPU.ActiveCfg = Debug|Any CPU
		{0910a9e8-8671-82a3-4fe4-3c21ba335f00}.Debug|Any CPU.Build.0 = Debug|Any CPU
		{d13cdbc8-90a6-4ff3-ec27-bdf7923d17d2}.Debug|Any CPU.ActiveCfg = Debug|Any CPU
		{d13cdbc8-90a6-4ff3-ec27-bdf7923d17d2}.Debug|Any CPU.Build.0 = Debug|Any CPU
		{3027e963-54ef-eb26-8736-03a962d8fe11}.Debug|Any CPU.ActiveCfg = Debug|Any CPU
		{3027e963-54ef-eb26-8736-03a962d8fe11}.Debug|Any CPU.Build.0 = Debug|Any CPU
		{e55fc53d-cdcf-e770-eab0-658003f17157}.Debug|Any CPU.ActiveCfg = Debug|Any CPU
		{e55fc53d-cdcf-e770-eab0-658003f17157}.Debug|Any CPU.Build.0 = Debug|Any CPU
		{5f75d486-ec5c-b49b-cff1-41db8cad4a63}.Debug|Any CPU.ActiveCfg = Debug|Any CPU
		{5f75d486-ec5c-b49b-cff1-41db8cad4a63}.Debug|Any CPU.Build.0 = Debug|Any CPU
		{94deb758-6e1b-b5c3-4f56-0132f6d0c629}.Debug|Any CPU.ActiveCfg = Debug|Any CPU
		{94deb758-6e1b-b5c3-4f56-0132f6d0c629}.Debug|Any CPU.Build.0 = Debug|Any CPU
		{6a017c06-df9b-ce7d-2e59-c851bcb7cd88}.Debug|Any CPU.ActiveCfg = Debug|Any CPU
		{6a017c06-df9b-ce7d-2e59-c851bcb7cd88}.Debug|Any CPU.Build.0 = Debug|Any CPU
		{ee3b7044-ed0c-c9c3-bb5b-04ee12a2b534}.Debug|Any CPU.ActiveCfg = Debug|Any CPU
		{ee3b7044-ed0c-c9c3-bb5b-04ee12a2b534}.Debug|Any CPU.Build.0 = Debug|Any CPU
		{a270ad82-fb8c-c521-e084-5e716f4181a8}.Debug|Any CPU.ActiveCfg = Debug|Any CPU
		{a270ad82-fb8c-c521-e084-5e716f4181a8}.Debug|Any CPU.Build.0 = Debug|Any CPU
		{78f99a1c-2ac6-ae1e-5ade-70846941a314}.Debug|Any CPU.ActiveCfg = Debug|Any CPU
		{78f99a1c-2ac6-ae1e-5ade-70846941a314}.Debug|Any CPU.Build.0 = Debug|Any CPU
		{d09a617d-c32e-d617-7a49-94eb6392d914}.Debug|Any CPU.ActiveCfg = Debug|Any CPU
		{d09a617d-c32e-d617-7a49-94eb6392d914}.Debug|Any CPU.Build.0 = Debug|Any CPU
		{2ccc6f54-1c38-8b6d-e6b6-4b7dad5bbd36}.Debug|Any CPU.ActiveCfg = Debug|Any CPU
		{2ccc6f54-1c38-8b6d-e6b6-4b7dad5bbd36}.Debug|Any CPU.Build.0 = Debug|Any CPU
		{a5ec6a54-0231-86a2-460f-52ced744d74d}.Debug|Any CPU.ActiveCfg = Debug|Any CPU
		{a5ec6a54-0231-86a2-460f-52ced744d74d}.Debug|Any CPU.Build.0 = Debug|Any CPU
		{59f4d66d-27a8-7d7c-8df9-37bba8cfe417}.Debug|Any CPU.ActiveCfg = Debug|Any CPU
		{59f4d66d-27a8-7d7c-8df9-37bba8cfe417}.Debug|Any CPU.Build.0 = Debug|Any CPU
		{3a783a4d-d8d5-c827-58db-aced6840c5dc}.Debug|Any CPU.ActiveCfg = Debug|Any CPU
		{3a783a4d-d8d5-c827-58db-aced6840c5dc}.Debug|Any CPU.Build.0 = Debug|Any CPU
		{1e06eadc-e23c-5edc-a344-d1924cb80b9b}.Debug|Any CPU.ActiveCfg = Debug|Any CPU
		{1e06eadc-e23c-5edc-a344-d1924cb80b9b}.Debug|Any CPU.Build.0 = Debug|Any CPU
		{7a9d45da-5250-9909-6b04-b8f269353979}.Debug|Any CPU.ActiveCfg = Debug|Any CPU
		{7a9d45da-5250-9909-6b04-b8f269353979}.Debug|Any CPU.Build.0 = Debug|Any CPU
		{dcc4d02c-9196-7064-4892-0f053fcee9a0}.Debug|Any CPU.ActiveCfg = Debug|Any CPU
		{dcc4d02c-9196-7064-4892-0f053fcee9a0}.Debug|Any CPU.Build.0 = Debug|Any CPU
		{aeadf7b0-819a-f4c7-02a8-db4d1f523133}.Debug|Any CPU.ActiveCfg = Debug|Any CPU
		{aeadf7b0-819a-f4c7-02a8-db4d1f523133}.Debug|Any CPU.Build.0 = Debug|Any CPU
		{a50ef6a0-dc1d-4ac1-3a13-253e411200ee}.Debug|Any CPU.ActiveCfg = Debug|Any CPU
		{a50ef6a0-dc1d-4ac1-3a13-253e411200ee}.Debug|Any CPU.Build.0 = Debug|Any CPU
		{77fa164d-7e68-d3ff-65e5-f6688ff5b88d}.Debug|Any CPU.ActiveCfg = Debug|Any CPU
		{77fa164d-7e68-d3ff-65e5-f6688ff5b88d}.Debug|Any CPU.Build.0 = Debug|Any CPU
	EndGlobalSection
	GlobalSection(SolutionProperties) = preSolution
		HideSolutionNode = FALSE
	EndGlobalSection
EndGlobal
